
Microsoft Visual Studio Solution File, Format Version 12.00
Project("{FAE04EC0-301F-11D3-BF4B-00C04F79EFBC}") = "DevToys.Json2CSharp", "DevToys.Json2CSharp\DevToys.Json2CSharp.csproj", "{21F9D220-14C2-4BDD-BF07-8B7350B8D316}"
EndProject
Global
	GlobalSection(SolutionConfigurationPlatforms) = preSolution
		Debug|Any CPU = Debug|Any CPU
		Release|Any CPU = Release|Any CPU
	EndGlobalSection
	GlobalSection(ProjectConfigurationPlatforms) = postSolution
		{21F9D220-14C2-4BDD-BF07-8B7350B8D316}.Debug|Any CPU.ActiveCfg = Debug|Any CPU
		{21F9D220-14C2-4BDD-BF07-8B7350B8D316}.Debug|Any CPU.Build.0 = Debug|Any CPU
		{21F9D220-14C2-4BDD-BF07-8B7350B8D316}.Release|Any CPU.ActiveCfg = Release|Any CPU
		{21F9D220-14C2-4BDD-BF07-8B7350B8D316}.Release|Any CPU.Build.0 = Release|Any CPU
	EndGlobalSection
EndGlobal
